uuid: d65a2fe3-8057-4404-850f-87eb1dee52ec
langcode: en
status: true
dependencies:
  module:
    - islandora_local
    - system
  theme:
    - drupal8_parallax_theme
id: searchdisplaycontrolblock
theme: drupal8_parallax_theme
region: content
weight: -42
provider: null
plugin: search_display_block
settings:
  id: search_display_block
  label: 'Search display control block'
  label_display: '0'
  provider: islandora_local
visibility:
  request_path:
    id: request_path
    negate: false
    context_mapping: {  }
    pages: /search
